
Microsoft Visual Studio Solution File, Format Version 12.00
# Visual Studio 2012
Project("{FAE04EC0-301F-11D3-BF4B-00C04F79EFBC}") = "QuantityView", "QuantityView.csproj", "{449E9AFB-4A1C-4728-A1F3-CED455523956}"
EndProject
Global
	GlobalSection(SolutionConfigurationPlatforms) = preSolution
		Debug|Any CPU = Debug|Any CPU
		Release|Any CPU = Release|Any CPU
	EndGlobalSection
	GlobalSection(ProjectConfigurationPlatforms) = postSolution
		{449E9AFB-4A1C-4728-A1F3-CED455523956}.Debug|Any CPU.ActiveCfg = Debug|Any CPU
		{449E9AFB-4A1C-4728-A1F3-CED455523956}.Debug|Any CPU.Build.0 = Debug|Any CPU
		{449E9AFB-4A1C-4728-A1F3-CED455523956}.Release|Any CPU.ActiveCfg = Release|Any CPU
		{449E9AFB-4A1C-4728-A1F3-CED455523956}.Release|Any CPU.Build.0 = Release|Any CPU
	EndGlobalSection
	GlobalSection(MonoDevelopProperties) = preSolution
		Policies = $0
		$0.StandardHeader = $1
		$1.Text = 
		$1.IncludeInNewFiles = True
		version = 1.2.0
	EndGlobalSection
EndGlobal
